// !$*UTF8*$!
{
	archiveVersion = 1;
	classes = {
	};
	objectVersion = 46;
	objects = {

/* Begin PBXBuildFile section */
		C08CBF181CDCE6E2003D708B /* main.m in Sources */ = {isa = PBXBuildFile; fileRef = C08CBF171CDCE6E2003D708B /* main.m */; };
		C08CBF1B1CDCE6E2003D708B /* AppDelegate.m in Sources */ = {isa = PBXBuildFile; fileRef = C08CBF1A1CDCE6E2003D708B /* AppDelegate.m */; };
		C08CBF1E1CDCE6E2003D708B /* ViewController.m in Sources */ = {isa = PBXBuildFile; fileRef = C08CBF1D1CDCE6E2003D708B /* ViewController.m */; };
		C08CBF211CDCE6E2003D708B /* Main.storyboard in Resources */ = {isa = PBXBuildFile; fileRef = C08CBF1F1CDCE6E2003D708B /* Main.storyboard */; };
		C08CBF231CDCE6E2003D708B /* Assets.xcassets in Resources */ = {isa = PBXBuildFile; fileRef = C08CBF221CDCE6E2003D708B /* Assets.xcassets */; };
		C08CBF261CDCE6E2003D708B /* LaunchScreen.storyboard in Resources */ = {isa = PBXBuildFile; fileRef = C08CBF241CDCE6E2003D708B /* LaunchScreen.storyboard */; };
		C08CBF321CDE4EF2003D708B /* AnimalsTableView.m in Sources */ = {isa = PBXBuildFile; fileRef = C08CBF311CDE4EF2003D708B /* AnimalsTableView.m */; };
		C08CBF5B1CE0FB97003D708B /* DelegateVCOne.m in Sources */ = {isa = PBXBuildFile; fileRef = C08CBF5A1CE0FB97003D708B /* DelegateVCOne.m */; };
		C08CBF5E1CE0FBA8003D708B /* DelegateVCTwo.m in Sources */ = {isa = PBXBuildFile; fileRef = C08CBF5D1CE0FBA8003D708B /* DelegateVCTwo.m */; };
		C0F4800C1CE3727D00341F93 /* NSDateVC.m in Sources */ = {isa = PBXBuildFile; fileRef = C0F4800B1CE3727D00341F93 /* NSDateVC.m */; };
/* End PBXBuildFile section */

/* Begin PBXFileReference section */
		C08CBF131CDCE6E1003D708B /* ObjCPractice.app */ = {isa = PBXFileReference; explicitFileType = wrapper.application; includeInIndex = 0; path = ObjCPractice.app; sourceTree = BUILT_PRODUCTS_DIR; };
		C08CBF171CDCE6E2003D708B /* main.m */ = {isa = PBXFileReference; lastKnownFileType = sourcecode.c.objc; path = main.m; sourceTree = "<group>"; };
		C08CBF191CDCE6E2003D708B /* AppDelegate.h */ = {isa = PBXFileReference; lastKnownFileType = sourcecode.c.h; path = AppDelegate.h; sourceTree = "<group>"; };
		C08CBF1A1CDCE6E2003D708B /* AppDelegate.m */ = {isa = PBXFileReference; lastKnownFileType = sourcecode.c.objc; path = AppDelegate.m; sourceTree = "<group>"; };
		C08CBF1C1CDCE6E2003D708B /* ViewController.h */ = {isa = PBXFileReference; lastKnownFileType = sourcecode.c.h; path = ViewController.h; sourceTree = "<group>"; };
		C08CBF1D1CDCE6E2003D708B /* ViewController.m */ = {isa = PBXFileReference; lastKnownFileType = sourcecode.c.objc; path = ViewController.m; sourceTree = "<group>"; };
		C08CBF201CDCE6E2003D708B /* Base */ = {isa = PBXFileReference; lastKnownFileType = file.storyboard; name = Base; path = Base.lproj/Main.storyboard; sourceTree = "<group>"; };
		C08CBF221CDCE6E2003D708B /* Assets.xcassets */ = {isa = PBXFileReference; lastKnownFileType = folder.assetcatalog; path = Assets.xcassets; sourceTree = "<group>"; };
		C08CBF251CDCE6E2003D708B /* Base */ = {isa = PBXFileReference; lastKnownFileType = file.storyboard; name = Base; path = Base.lproj/LaunchScreen.storyboard; sourceTree = "<group>"; };
		C08CBF271CDCE6E2003D708B /* Info.plist */ = {isa = PBXFileReference; lastKnownFileType = text.plist.xml; path = Info.plist; sourceTree = "<group>"; };
		C08CBF301CDE4EF2003D708B /* AnimalsTableView.h */ = {isa = PBXFileReference; fileEncoding = 4; lastKnownFileType = sourcecode.c.h; path = AnimalsTableView.h; sourceTree = "<group>"; };
		C08CBF311CDE4EF2003D708B /* AnimalsTableView.m */ = {isa = PBXFileReference; fileEncoding = 4; lastKnownFileType = sourcecode.c.objc; path = AnimalsTableView.m; sourceTree = "<group>"; };
		C08CBF591CE0FB97003D708B /* DelegateVCOne.h */ = {isa = PBXFileReference; fileEncoding = 4; lastKnownFileType = sourcecode.c.h; path = DelegateVCOne.h; sourceTree = "<group>"; };
		C08CBF5A1CE0FB97003D708B /* DelegateVCOne.m */ = {isa = PBXFileReference; fileEncoding = 4; lastKnownFileType = sourcecode.c.objc; path = DelegateVCOne.m; sourceTree = "<group>"; };
		C08CBF5C1CE0FBA8003D708B /* DelegateVCTwo.h */ = {isa = PBXFileReference; fileEncoding = 4; lastKnownFileType = sourcecode.c.h; path = DelegateVCTwo.h; sourceTree = "<group>"; };
		C08CBF5D1CE0FBA8003D708B /* DelegateVCTwo.m */ = {isa = PBXFileReference; fileEncoding = 4; lastKnownFileType = sourcecode.c.objc; path = DelegateVCTwo.m; sourceTree = "<group>"; };
		C0F4800A1CE3727D00341F93 /* NSDateVC.h */ = {isa = PBXFileReference; fileEncoding = 4; lastKnownFileType = sourcecode.c.h; path = NSDateVC.h; sourceTree = "<group>"; };
		C0F4800B1CE3727D00341F93 /* NSDateVC.m */ = {isa = PBXFileReference; fileEncoding = 4; lastKnownFileType = sourcecode.c.objc; path = NSDateVC.m; sourceTree = "<group>"; };
/* End PBXFileReference section */

/* Begin PBXFrameworksBuildPhase section */
		C08CBF101CDCE6E1003D708B /* Frameworks */ = {
			isa = PBXFrameworksBuildPhase;
			buildActionMask = 2147483647;
			files = (
			);
			runOnlyForDeploymentPostprocessing = 0;
		};
/* End PBXFrameworksBuildPhase section */

/* Begin PBXGroup section */
		C08CBF0A1CDCE6E1003D708B = {
			isa = PBXGroup;
			children = (
				C08CBF151CDCE6E2003D708B /* ObjCPractice */,
				C08CBF141CDCE6E1003D708B /* Products */,
			);
			sourceTree = "<group>";
		};
		C08CBF141CDCE6E1003D708B /* Products */ = {
			isa = PBXGroup;
			children = (
				C08CBF131CDCE6E1003D708B /* ObjCPractice.app */,
			);
			name = Products;
			sourceTree = "<group>";
		};
		C08CBF151CDCE6E2003D708B /* ObjCPractice */ = {
			isa = PBXGroup;
			children = (
				C08CBF191CDCE6E2003D708B /* AppDelegate.h */,
				C08CBF1A1CDCE6E2003D708B /* AppDelegate.m */,
				C08CBF1C1CDCE6E2003D708B /* ViewController.h */,
				C08CBF1D1CDCE6E2003D708B /* ViewController.m */,
				C08CBF301CDE4EF2003D708B /* AnimalsTableView.h */,
				C08CBF311CDE4EF2003D708B /* AnimalsTableView.m */,
				C08CBF591CE0FB97003D708B /* DelegateVCOne.h */,
				C08CBF5A1CE0FB97003D708B /* DelegateVCOne.m */,
				C08CBF5C1CE0FBA8003D708B /* DelegateVCTwo.h */,
				C08CBF5D1CE0FBA8003D708B /* DelegateVCTwo.m */,
				C0F4800A1CE3727D00341F93 /* NSDateVC.h */,
				C0F4800B1CE3727D00341F93 /* NSDateVC.m */,
				C08CBF1F1CDCE6E2003D708B /* Main.storyboard */,
				C08CBF221CDCE6E2003D708B /* Assets.xcassets */,
				C08CBF241CDCE6E2003D708B /* LaunchScreen.storyboard */,
				C08CBF271CDCE6E2003D708B /* Info.plist */,
				C08CBF161CDCE6E2003D708B /* Supporting Files */,
			);
			path = ObjCPractice;
			sourceTree = "<group>";
		};
		C08CBF161CDCE6E2003D708B /* Supporting Files */ = {
			isa = PBXGroup;
			children = (
				C08CBF171CDCE6E2003D708B /* main.m */,
			);
			name = "Supporting Files";
			sourceTree = "<group>";
		};
/* End PBXGroup section */

/* Begin PBXNativeTarget section */
		C08CBF121CDCE6E1003D708B /* ObjCPractice */ = {
			isa = PBXNativeTarget;
			buildConfigurationList = C08CBF2A1CDCE6E2003D708B /* Build configuration list for PBXNativeTarget "ObjCPractice" */;
			buildPhases = (
				C08CBF0F1CDCE6E1003D708B /* Sources */,
				C08CBF101CDCE6E1003D708B /* Frameworks */,
				C08CBF111CDCE6E1003D708B /* Resources */,
			);
			buildRules = (
			);
			dependencies = (
			);
			name = ObjCPractice;
			productName = ObjCPractice;
			productReference = C08CBF131CDCE6E1003D708B /* ObjCPractice.app */;
			productType = "com.apple.product-type.application";
		};
/* End PBXNativeTarget section */

/* Begin PBXProject section */
		C08CBF0B1CDCE6E1003D708B /* Project object */ = {
			isa = PBXProject;
			attributes = {
				LastUpgradeCheck = 0730;
				ORGANIZATIONNAME = DonovanCotter;
				TargetAttributes = {
					C08CBF121CDCE6E1003D708B = {
						CreatedOnToolsVersion = 7.3;
					};
				};
			};
			buildConfigurationList = C08CBF0E1CDCE6E1003D708B /* Build configuration list for PBXProject "ObjCPractice" */;
			compatibilityVersion = "Xcode 3.2";
			developmentRegion = English;
			hasScannedForEncodings = 0;
			knownRegions = (
				en,
				Base,
			);
			mainGroup = C08CBF0A1CDCE6E1003D708B;
			productRefGroup = C08CBF141CDCE6E1003D708B /* Products */;
			projectDirPath = "";
			projectRoot = "";
			targets = (
				C08CBF121CDCE6E1003D708B /* ObjCPractice */,
			);
		};
/* End PBXProject section */

/* Begin PBXResourcesBuildPhase section */
		C08CBF111CDCE6E1003D708B /* Resources */ = {
			isa = PBXResourcesBuildPhase;
			buildActionMask = 2147483647;
			files = (
				C08CBF261CDCE6E2003D708B /* LaunchScreen.storyboard in Resources */,
				C08CBF231CDCE6E2003D708B /* Assets.xcassets in Resources */,
				C08CBF211CDCE6E2003D708B /* Main.storyboard in Resources */,
			);
			runOnlyForDeploymentPostprocessing = 0;
		};
/* End PBXResourcesBuildPhase section */

/* Begin PBXSourcesBuildPhase section */
		C08CBF0F1CDCE6E1003D708B /* Sources */ = {
			isa = PBXSourcesBuildPhase;
			buildActionMask = 2147483647;
			files = (
				C08CBF1E1CDCE6E2003D708B /* ViewController.m in Sources */,
				C08CBF321CDE4EF2003D708B /* AnimalsTableView.m in Sources */,
				C08CBF1B1CDCE6E2003D708B /* AppDelegate.m in Sources */,
				C08CBF5B1CE0FB97003D708B /* DelegateVCOne.m in Sources */,
				C0F4800C1CE3727D00341F93 /* NSDateVC.m in Sources */,
				C08CBF5E1CE0FBA8003D708B /* DelegateVCTwo.m in Sources */,
				C08CBF181CDCE6E2003D708B /* main.m in Sources */,
			);
			runOnlyForDeploymentPostprocessing = 0;
		};
/* End PBXSourcesBuildPhase section */

/* Begin PBXVariantGroup section */
		C08CBF1F1CDCE6E2003D708B /* Main.storyboard */ = {
			isa = PBXVariantGroup;
			children = (
				C08CBF201CDCE6E2003D708B /* Base */,
			);
			name = Main.storyboard;
			sourceTree = "<group>";
		};
		C08CBF241CDCE6E2003D708B /* LaunchScreen.storyboard */ = {
			isa = PBXVariantGroup;
			children = (
				C08CBF251CDCE6E2003D708B /* Base */,
			);
			name = LaunchScreen.storyboard;
			sourceTree = "<group>";
		};
/* End PBXVariantGroup section */

/* Begin XCBuildConfiguration section */
		C08CBF281CDCE6E2003D708B /* Debug */ = {
			isa = XCBuildConfiguration;
			buildSettings = {
				ALWAYS_SEARCH_USER_PATHS = NO;
				CLANG_ANALYZER_NONNULL = YES;
				CLANG_CXX_LANGUAGE_STANDARD = "gnu++0x";
				CLANG_CXX_LIBRARY = "libc++";
				CLANG_ENABLE_MODULES = YES;
				CLANG_ENABLE_OBJC_ARC = YES;
				CLANG_WARN_BOOL_CONVERSION = YES;
				CLANG_WARN_CONSTANT_CONVERSION = YES;
				CLANG_WARN_DIRECT_OBJC_ISA_USAGE = YES_ERROR;
				CLANG_WARN_EMPTY_BODY = YES;
				CLANG_WARN_ENUM_CONVERSION = YES;
				CLANG_WARN_INT_CONVERSION = YES;
				CLANG_WARN_OBJC_ROOT_CLASS = YES_ERROR;
				CLANG_WARN_UNREACHABLE_CODE = YES;
				CLANG_WARN__DUPLICATE_METHOD_MATCH = YES;
				"CODE_SIGN_IDENTITY[sdk=iphoneos*]" = "iPhone Developer";
				COPY_PHASE_STRIP = NO;
				DEBUG_INFORMATION_FORMAT = dwarf;
				ENABLE_STRICT_OBJC_MSGSEND = YES;
				ENABLE_TESTABILITY = YES;
				GCC_C_LANGUAGE_STANDARD = gnu99;
				GCC_DYNAMIC_NO_PIC = NO;
				GCC_NO_COMMON_BLOCKS = YES;
				GCC_OPTIMIZATION_LEVEL = 0;
				GCC_PREPROCESSOR_DEFINITIONS = (
					"DEBUG=1",
					"$(inherited)",
				);
				GCC_WARN_64_TO_32_BIT_CONVERSION = YES;
				GCC_WARN_ABOUT_RETURN_TYPE = YES_ERROR;
				GCC_WARN_UNDECLARED_SELECTOR = YES;
				GCC_WARN_UNINITIALIZED_AUTOS = YES_AGGRESSIVE;
				GCC_WARN_UNUSED_FUNCTION = YES;
				GCC_WARN_UNUSED_VARIABLE = YES;
				IPHONEOS_DEPLOYMENT_TARGET = 9.3;
				MTL_ENABLE_DEBUG_INFO = YES;
				ONLY_ACTIVE_ARCH = YES;
				SDKROOT = iphoneos;
				TARGETED_DEVICE_FAMILY = "1,2";
			};
			name = Debug;
		};
		C08CBF291CDCE6E2003D708B /* Release */ = {
			isa = XCBuildConfiguration;
			buildSettings = {
				ALWAYS_SEARCH_USER_PATHS = NO;
				CLANG_ANALYZER_NONNULL = YES;
				CLANG_CXX_LANGUAGE_STANDARD = "gnu++0x";
				CLANG_CXX_LIBRARY = "libc++";
				CLANG_ENABLE_MODULES = YES;
				CLANG_ENABLE_OBJC_ARC = YES;
				CLANG_WARN_BOOL_CONVERSION = YES;
				CLANG_WARN_CONSTANT_CONVERSION = YES;
				CLANG_WARN_DIRECT_OBJC_ISA_USAGE = YES_ERROR;
				CLANG_WARN_EMPTY_BODY = YES;
				CLANG_WARN_ENUM_CONVERSION = YES;
				CLANG_WARN_INT_CONVERSION = YES;
				CLANG_WARN_OBJC_ROOT_CLASS = YES_ERROR;
				CLANG_WARN_UNREACHABLE_CODE = YES;
				CLANG_WARN__DUPLICATE_METHOD_MATCH = YES;
				"CODE_SIGN_IDENTITY[sdk=iphoneos*]" = "iPhone Developer";
				COPY_PHASE_STRIP = NO;
				DEBUG_INFORMATION_FORMAT = "dwarf-with-dsym";
				ENABLE_NS_ASSERTIONS = NO;
				ENABLE_STRICT_OBJC_MSGSEND = YES;
				GCC_C_LANGUAGE_STANDARD = gnu99;
				GCC_NO_COMMON_BLOCKS = YES;
				GCC_WARN_64_TO_32_BIT_CONVERSION = YES;
				GCC_WARN_ABOUT_RETURN_TYPE = YES_ERROR;
				GCC_WARN_UNDECLARED_SELECTOR = YES;
				GCC_WARN_UNINITIALIZED_AUTOS = YES_AGGRESSIVE;
				GCC_WARN_UNUSED_FUNCTION = YES;
				GCC_WARN_UNUSED_VARIABLE = YES;
				IPHONEOS_DEPLOYMENT_TARGET = 9.3;
				MTL_ENABLE_DEBUG_INFO = NO;
				SDKROOT = iphoneos;
				TARGETED_DEVICE_FAMILY = "1,2";
				VALIDATE_PRODUCT = YES;
			};
			name = Release;
		};
		C08CBF2B1CDCE6E2003D708B /* Debug */ = {
			isa = XCBuildConfiguration;
			buildSettings = {
				ASSETCATALOG_COMPILER_APPICON_NAME = AppIcon;
				INFOPLIST_FILE = ObjCPractice/Info.plist;
				LD_RUNPATH_SEARCH_PATHS = "$(inherited) @executable_path/Frameworks";
				PRODUCT_BUNDLE_IDENTIFIER = com.donovan.cotter.ObjCPractice;
				PRODUCT_NAME = "$(TARGET_NAME)";
			};
			name = Debug;
		};
		C08CBF2C1CDCE6E2003D708B /* Release */ = {
			isa = XCBuildConfiguration;
			buildSettings = {
				ASSETCATALOG_COMPILER_APPICON_NAME = AppIcon;
				INFOPLIST_FILE = ObjCPractice/Info.plist;
				LD_RUNPATH_SEARCH_PATHS = "$(inherited) @executable_path/Frameworks";
				PRODUCT_BUNDLE_IDENTIFIER = com.donovan.cotter.ObjCPractice;
				PRODUCT_NAME = "$(TARGET_NAME)";
			};
			name = Release;
		};
/* End XCBuildConfiguration section */

/* Begin XCConfigurationList section */
		C08CBF0E1CDCE6E1003D708B /* Build configuration list for PBXProject "ObjCPractice" */ = {
			isa = XCConfigurationList;
			buildConfigurations = (
				C08CBF281CDCE6E2003D708B /* Debug */,
				C08CBF291CDCE6E2003D708B /* Release */,
			);
			defaultConfigurationIsVisible = 0;
			defaultConfigurationName = Release;
		};
		C08CBF2A1CDCE6E2003D708B /* Build configuration list for PBXNativeTarget "ObjCPractice" */ = {
			isa = XCConfigurationList;
			buildConfigurations = (
				C08CBF2B1CDCE6E2003D708B /* Debug */,
				C08CBF2C1CDCE6E2003D708B /* Release */,
			);
			defaultConfigurationIsVisible = 0;
			defaultConfigurationName = Release;
		};
/* End XCConfigurationList section */
	};
	rootObject = C08CBF0B1CDCE6E1003D708B /* Project object */;
}
